
Microsoft Visual Studio Solution File, Format Version 12.00
# Visual Studio Version 17
VisualStudioVersion = 17.14.36414.22
MinimumVisualStudioVersion = 10.0.40219.1
Project("{FAE04EC0-301F-11D3-BF4B-00C04F79EFBC}") = "LW4_task_3", "LW4_task_3\LW4_task_3.csproj", "{41F02D5D-76AA-435E-8A91-D70C4BFDEE5E}"
EndProject
Global
	GlobalSection(SolutionConfigurationPlatforms) = preSolution
		Debug|Any CPU = Debug|Any CPU
		Release|Any CPU = Release|Any CPU
	EndGlobalSection
	GlobalSection(ProjectConfigurationPlatforms) = postSolution
		{41F02D5D-76AA-435E-8A91-D70C4BFDEE5E}.Debug|Any CPU.ActiveCfg = Debug|Any CPU
		{41F02D5D-76AA-435E-8A91-D70C4BFDEE5E}.Debug|Any CPU.Build.0 = Debug|Any CPU
		{41F02D5D-76AA-435E-8A91-D70C4BFDEE5E}.Release|Any CPU.ActiveCfg = Release|Any CPU
		{41F02D5D-76AA-435E-8A91-D70C4BFDEE5E}.Release|Any CPU.Build.0 = Release|Any CPU
	EndGlobalSection
	GlobalSection(SolutionProperties) = preSolution
		HideSolutionNode = FALSE
	EndGlobalSection
	GlobalSection(ExtensibilityGlobals) = postSolution
		SolutionGuid = {68FABB8D-3E3D-4ACD-B4BE-1AF164FB1309}
	EndGlobalSection
EndGlobal
